
Microsoft Visual Studio Solution File, Format Version 12.00
# Visual Studio 14
VisualStudioVersion = 14.0.25123.0
MinimumVisualStudioVersion = 10.0.40219.1
Project("{FAE04EC0-301F-11D3-BF4B-00C04F79EFBC}") = "moviefinder.Droid", "moviefinder\moviefinder.Droid\moviefinder.Droid.csproj", "{5A588623-9591-4E6F-9E6F-2CA7193762F2}"
EndProject
Project("{FAE04EC0-301F-11D3-BF4B-00C04F79EFBC}") = "moviefinder.iOS", "moviefinder\moviefinder.iOS\moviefinder.iOS.csproj", "{D8C9FA0C-5C5A-4F4B-9CC3-7E7D2728FB8D}"
EndProject
Project("{FAE04EC0-301F-11D3-BF4B-00C04F79EFBC}") = "moviefinder.WinPhone", "moviefinder\moviefinder.WinPhone\moviefinder.WinPhone.csproj", "{135B3881-B44E-4685-AC60-B75EECE0AF03}"
EndProject
Project("{FAE04EC0-301F-11D3-BF4B-00C04F79EFBC}") = "moviefinder.UWP", "moviefinder\moviefinder.UWP\moviefinder.UWP.csproj", "{C0D3BF04-D8CF-44C1-BE9D-99BFF7CA622D}"
EndProject
Project("{FAE04EC0-301F-11D3-BF4B-00C04F79EFBC}") = "moviefinder.Windows", "moviefinder\moviefinder.Windows\moviefinder.Windows.csproj", "{F6627961-C47D-4670-BE59-F8215F96B4E6}"
EndProject
Project("{FAE04EC0-301F-11D3-BF4B-00C04F79EFBC}") = "moviefinder", "moviefinder\moviefinder\moviefinder.csproj", "{3B5C9ACD-2C4E-4D5C-ADE8-AC057B543D93}"
EndProject
Global
	GlobalSection(SolutionConfigurationPlatforms) = preSolution
		Ad-Hoc|Any CPU = Ad-Hoc|Any CPU
		Ad-Hoc|ARM = Ad-Hoc|ARM
		Ad-Hoc|iPhone = Ad-Hoc|iPhone
		Ad-Hoc|iPhoneSimulator = Ad-Hoc|iPhoneSimulator
		Ad-Hoc|x64 = Ad-Hoc|x64
		Ad-Hoc|x86 = Ad-Hoc|x86
		AppStore|Any CPU = AppStore|Any CPU
		AppStore|ARM = AppStore|ARM
		AppStore|iPhone = AppStore|iPhone
		AppStore|iPhoneSimulator = AppStore|iPhoneSimulator
		AppStore|x64 = AppStore|x64
		AppStore|x86 = AppStore|x86
		Debug|Any CPU = Debug|Any CPU
		Debug|ARM = Debug|ARM
		Debug|iPhone = Debug|iPhone
		Debug|iPhoneSimulator = Debug|iPhoneSimulator
		Debug|x64 = Debug|x64
		Debug|x86 = Debug|x86
		Release|Any CPU = Release|Any CPU
		Release|ARM = Release|ARM
		Release|iPhone = Release|iPhone
		Release|iPhoneSimulator = Release|iPhoneSimulator
		Release|x64 = Release|x64
		Release|x86 = Release|x86
	EndGlobalSection
	GlobalSection(ProjectConfigurationPlatforms) = postSolution
		{5A588623-9591-4E6F-9E6F-2CA7193762F2}.Ad-Hoc|Any CPU.ActiveCfg = Release|Any CPU
		{5A588623-9591-4E6F-9E6F-2CA7193762F2}.Ad-Hoc|Any CPU.Build.0 = Release|Any CPU
		{5A588623-9591-4E6F-9E6F-2CA7193762F2}.Ad-Hoc|Any CPU.Deploy.0 = Release|Any CPU
		{5A588623-9591-4E6F-9E6F-2CA7193762F2}.Ad-Hoc|ARM.ActiveCfg = Release|Any CPU
		{5A588623-9591-4E6F-9E6F-2CA7193762F2}.Ad-Hoc|ARM.Build.0 = Release|Any CPU
		{5A588623-9591-4E6F-9E6F-2CA7193762F2}.Ad-Hoc|ARM.Deploy.0 = Release|Any CPU
		{5A588623-9591-4E6F-9E6F-2CA7193762F2}.Ad-Hoc|iPhone.ActiveCfg = Release|Any CPU
		{5A588623-9591-4E6F-9E6F-2CA7193762F2}.Ad-Hoc|iPhone.Build.0 = Release|Any CPU
		{5A588623-9591-4E6F-9E6F-2CA7193762F2}.Ad-Hoc|iPhone.Deploy.0 = Release|Any CPU
		{5A588623-9591-4E6F-9E6F-2CA7193762F2}.Ad-Hoc|iPhoneSimulator.ActiveCfg = Release|Any CPU
		{5A588623-9591-4E6F-9E6F-2CA7193762F2}.Ad-Hoc|iPhoneSimulator.Build.0 = Release|Any CPU
		{5A588623-9591-4E6F-9E6F-2CA7193762F2}.Ad-Hoc|iPhoneSimulator.Deploy.0 = Release|Any CPU
		{5A588623-9591-4E6F-9E6F-2CA7193762F2}.Ad-Hoc|x64.ActiveCfg = Release|Any CPU
		{5A588623-9591-4E6F-9E6F-2CA7193762F2}.Ad-Hoc|x64.Build.0 = Release|Any CPU
		{5A588623-9591-4E6F-9E6F-2CA7193762F2}.Ad-Hoc|x64.Deploy.0 = Release|Any CPU
		{5A588623-9591-4E6F-9E6F-2CA7193762F2}.Ad-Hoc|x86.ActiveCfg = Release|Any CPU
		{5A588623-9591-4E6F-9E6F-2CA7193762F2}.Ad-Hoc|x86.Build.0 = Release|Any CPU
		{5A588623-9591-4E6F-9E6F-2CA7193762F2}.Ad-Hoc|x86.Deploy.0 = Release|Any CPU
		{5A588623-9591-4E6F-9E6F-2CA7193762F2}.AppStore|Any CPU.ActiveCfg = Release|Any CPU
		{5A588623-9591-4E6F-9E6F-2CA7193762F2}.AppStore|Any CPU.Build.0 = Release|Any CPU
		{5A588623-9591-4E6F-9E6F-2CA7193762F2}.AppStore|Any CPU.Deploy.0 = Release|Any CPU
		{5A588623-9591-4E6F-9E6F-2CA7193762F2}.AppStore|ARM.ActiveCfg = Release|Any CPU
		{5A588623-9591-4E6F-9E6F-2CA7193762F2}.AppStore|ARM.Build.0 = Release|Any CPU
		{5A588623-9591-4E6F-9E6F-2CA7193762F2}.AppStore|ARM.Deploy.0 = Release|Any CPU
		{5A588623-9591-4E6F-9E6F-2CA7193762F2}.AppStore|iPhone.ActiveCfg = Release|Any CPU
		{5A588623-9591-4E6F-9E6F-2CA7193762F2}.AppStore|iPhone.Build.0 = Release|Any CPU
		{5A588623-9591-4E6F-9E6F-2CA7193762F2}.AppStore|iPhone.Deploy.0 = Release|Any CPU
		{5A588623-9591-4E6F-9E6F-2CA7193762F2}.AppStore|iPhoneSimulator.ActiveCfg = Release|Any CPU
		{5A588623-9591-4E6F-9E6F-2CA7193762F2}.AppStore|iPhoneSimulator.Build.0 = Release|Any CPU
		{5A588623-9591-4E6F-9E6F-2CA7193762F2}.AppStore|iPhoneSimulator.Deploy.0 = Release|Any CPU
		{5A588623-9591-4E6F-9E6F-2CA7193762F2}.AppStore|x64.ActiveCfg = Release|Any CPU
		{5A588623-9591-4E6F-9E6F-2CA7193762F2}.AppStore|x64.Build.0 = Release|Any CPU
		{5A588623-9591-4E6F-9E6F-2CA7193762F2}.AppStore|x64.Deploy.0 = Release|Any CPU
		{5A588623-9591-4E6F-9E6F-2CA7193762F2}.AppStore|x86.ActiveCfg = Release|Any CPU
		{5A588623-9591-4E6F-9E6F-2CA7193762F2}.AppStore|x86.Build.0 = Release|Any CPU
		{5A588623-9591-4E6F-9E6F-2CA7193762F2}.AppStore|x86.Deploy.0 = Release|Any CPU
		{5A588623-9591-4E6F-9E6F-2CA7193762F2}.Debug|Any CPU.ActiveCfg = Debug|Any CPU
		{5A588623-9591-4E6F-9E6F-2CA7193762F2}.Debug|Any CPU.Build.0 = Debug|Any CPU
		{5A588623-9591-4E6F-9E6F-2CA7193762F2}.Debug|Any CPU.Deploy.0 = Debug|Any CPU
		{5A588623-9591-4E6F-9E6F-2CA7193762F2}.Debug|ARM.ActiveCfg = Debug|Any CPU
		{5A588623-9591-4E6F-9E6F-2CA7193762F2}.Debug|ARM.Build.0 = Debug|Any CPU
		{5A588623-9591-4E6F-9E6F-2CA7193762F2}.Debug|ARM.Deploy.0 = Debug|Any CPU
		{5A588623-9591-4E6F-9E6F-2CA7193762F2}.Debug|iPhone.ActiveCfg = Debug|Any CPU
		{5A588623-9591-4E6F-9E6F-2CA7193762F2}.Debug|iPhone.Build.0 = Debug|Any CPU
		{5A588623-9591-4E6F-9E6F-2CA7193762F2}.Debug|iPhone.Deploy.0 = Debug|Any CPU
		{5A588623-9591-4E6F-9E6F-2CA7193762F2}.Debug|iPhoneSimulator.ActiveCfg = Debug|Any CPU
		{5A588623-9591-4E6F-9E6F-2CA7193762F2}.Debug|iPhoneSimulator.Build.0 = Debug|Any CPU
		{5A588623-9591-4E6F-9E6F-2CA7193762F2}.Debug|iPhoneSimulator.Deploy.0 = Debug|Any CPU
		{5A588623-9591-4E6F-9E6F-2CA7193762F2}.Debug|x64.ActiveCfg = Debug|Any CPU
		{5A588623-9591-4E6F-9E6F-2CA7193762F2}.Debug|x64.Build.0 = Debug|Any CPU
		{5A588623-9591-4E6F-9E6F-2CA7193762F2}.Debug|x64.Deploy.0 = Debug|Any CPU
		{5A588623-9591-4E6F-9E6F-2CA7193762F2}.Debug|x86.ActiveCfg = Debug|Any CPU
		{5A588623-9591-4E6F-9E6F-2CA7193762F2}.Debug|x86.Build.0 = Debug|Any CPU
		{5A588623-9591-4E6F-9E6F-2CA7193762F2}.Debug|x86.Deploy.0 = Debug|Any CPU
		{5A588623-9591-4E6F-9E6F-2CA7193762F2}.Release|Any CPU.ActiveCfg = Release|Any CPU
		{5A588623-9591-4E6F-9E6F-2CA7193762F2}.Release|Any CPU.Build.0 = Release|Any CPU
		{5A588623-9591-4E6F-9E6F-2CA7193762F2}.Release|Any CPU.Deploy.0 = Release|Any CPU
		{5A588623-9591-4E6F-9E6F-2CA7193762F2}.Release|ARM.ActiveCfg = Release|Any CPU
		{5A588623-9591-4E6F-9E6F-2CA7193762F2}.Release|ARM.Build.0 = Release|Any CPU
		{5A588623-9591-4E6F-9E6F-2CA7193762F2}.Release|ARM.Deploy.0 = Release|Any CPU
		{5A588623-9591-4E6F-9E6F-2CA7193762F2}.Release|iPhone.ActiveCfg = Release|Any CPU
		{5A588623-9591-4E6F-9E6F-2CA7193762F2}.Release|iPhone.Build.0 = Release|Any CPU
		{5A588623-9591-4E6F-9E6F-2CA7193762F2}.Release|iPhone.Deploy.0 = Release|Any CPU
		{5A588623-9591-4E6F-9E6F-2CA7193762F2}.Release|iPhoneSimulator.ActiveCfg = Release|Any CPU
		{5A588623-9591-4E6F-9E6F-2CA7193762F2}.Release|iPhoneSimulator.Build.0 = Release|Any CPU
		{5A588623-9591-4E6F-9E6F-2CA7193762F2}.Release|iPhoneSimulator.Deploy.0 = Release|Any CPU
		{5A588623-9591-4E6F-9E6F-2CA7193762F2}.Release|x64.ActiveCfg = Release|Any CPU
		{5A588623-9591-4E6F-9E6F-2CA7193762F2}.Release|x64.Build.0 = Release|Any CPU
		{5A588623-9591-4E6F-9E6F-2CA7193762F2}.Release|x64.Deploy.0 = Release|Any CPU
		{5A588623-9591-4E6F-9E6F-2CA7193762F2}.Release|x86.ActiveCfg = Release|Any CPU
		{5A588623-9591-4E6F-9E6F-2CA7193762F2}.Release|x86.Build.0 = Release|Any CPU
		{5A588623-9591-4E6F-9E6F-2CA7193762F2}.Release|x86.Deploy.0 = Release|Any CPU
		{D8C9FA0C-5C5A-4F4B-9CC3-7E7D2728FB8D}.Ad-Hoc|Any CPU.ActiveCfg = Ad-Hoc|iPhone
		{D8C9FA0C-5C5A-4F4B-9CC3-7E7D2728FB8D}.Ad-Hoc|ARM.ActiveCfg = Ad-Hoc|iPhone
		{D8C9FA0C-5C5A-4F4B-9CC3-7E7D2728FB8D}.Ad-Hoc|iPhone.ActiveCfg = Ad-Hoc|iPhone
		{D8C9FA0C-5C5A-4F4B-9CC3-7E7D2728FB8D}.Ad-Hoc|iPhone.Build.0 = Ad-Hoc|iPhone
		{D8C9FA0C-5C5A-4F4B-9CC3-7E7D2728FB8D}.Ad-Hoc|iPhoneSimulator.ActiveCfg = Ad-Hoc|iPhoneSimulator
		{D8C9FA0C-5C5A-4F4B-9CC3-7E7D2728FB8D}.Ad-Hoc|iPhoneSimulator.Build.0 = Ad-Hoc|iPhoneSimulator
		{D8C9FA0C-5C5A-4F4B-9CC3-7E7D2728FB8D}.Ad-Hoc|x64.ActiveCfg = Ad-Hoc|iPhone
		{D8C9FA0C-5C5A-4F4B-9CC3-7E7D2728FB8D}.Ad-Hoc|x86.ActiveCfg = Ad-Hoc|iPhone
		{D8C9FA0C-5C5A-4F4B-9CC3-7E7D2728FB8D}.AppStore|Any CPU.ActiveCfg = AppStore|iPhone
		{D8C9FA0C-5C5A-4F4B-9CC3-7E7D2728FB8D}.AppStore|ARM.ActiveCfg = AppStore|iPhone
		{D8C9FA0C-5C5A-4F4B-9CC3-7E7D2728FB8D}.AppStore|iPhone.ActiveCfg = AppStore|iPhone
		{D8C9FA0C-5C5A-4F4B-9CC3-7E7D2728FB8D}.AppStore|iPhone.Build.0 = AppStore|iPhone
		{D8C9FA0C-5C5A-4F4B-9CC3-7E7D2728FB8D}.AppStore|iPhoneSimulator.ActiveCfg = AppStore|iPhoneSimulator
		{D8C9FA0C-5C5A-4F4B-9CC3-7E7D2728FB8D}.AppStore|iPhoneSimulator.Build.0 = AppStore|iPhoneSimulator
		{D8C9FA0C-5C5A-4F4B-9CC3-7E7D2728FB8D}.AppStore|x64.ActiveCfg = AppStore|iPhone
		{D8C9FA0C-5C5A-4F4B-9CC3-7E7D2728FB8D}.AppStore|x86.ActiveCfg = AppStore|iPhone
		{D8C9FA0C-5C5A-4F4B-9CC3-7E7D2728FB8D}.Debug|Any CPU.ActiveCfg = Debug|iPhone
		{D8C9FA0C-5C5A-4F4B-9CC3-7E7D2728FB8D}.Debug|ARM.ActiveCfg = Debug|iPhone
		{D8C9FA0C-5C5A-4F4B-9CC3-7E7D2728FB8D}.Debug|iPhone.ActiveCfg = Debug|iPhone
		{D8C9FA0C-5C5A-4F4B-9CC3-7E7D2728FB8D}.Debug|iPhone.Build.0 = Debug|iPhone
		{D8C9FA0C-5C5A-4F4B-9CC3-7E7D2728FB8D}.Debug|iPhoneSimulator.ActiveCfg = Debug|iPhoneSimulator
		{D8C9FA0C-5C5A-4F4B-9CC3-7E7D2728FB8D}.Debug|iPhoneSimulator.Build.0 = Debug|iPhoneSimulator
		{D8C9FA0C-5C5A-4F4B-9CC3-7E7D2728FB8D}.Debug|x64.ActiveCfg = Debug|iPhone
		{D8C9FA0C-5C5A-4F4B-9CC3-7E7D2728FB8D}.Debug|x86.ActiveCfg = Debug|iPhone
		{D8C9FA0C-5C5A-4F4B-9CC3-7E7D2728FB8D}.Release|Any CPU.ActiveCfg = Release|iPhone
		{D8C9FA0C-5C5A-4F4B-9CC3-7E7D2728FB8D}.Release|ARM.ActiveCfg = Release|iPhone
		{D8C9FA0C-5C5A-4F4B-9CC3-7E7D2728FB8D}.Release|iPhone.ActiveCfg = Release|iPhone
		{D8C9FA0C-5C5A-4F4B-9CC3-7E7D2728FB8D}.Release|iPhone.Build.0 = Release|iPhone
		{D8C9FA0C-5C5A-4F4B-9CC3-7E7D2728FB8D}.Release|iPhoneSimulator.ActiveCfg = Release|iPhoneSimulator
		{D8C9FA0C-5C5A-4F4B-9CC3-7E7D2728FB8D}.Release|iPhoneSimulator.Build.0 = Release|iPhoneSimulator
		{D8C9FA0C-5C5A-4F4B-9CC3-7E7D2728FB8D}.Release|x64.ActiveCfg = Release|iPhone
		{D8C9FA0C-5C5A-4F4B-9CC3-7E7D2728FB8D}.Release|x86.ActiveCfg = Release|iPhone
		{135B3881-B44E-4685-AC60-B75EECE0AF03}.Ad-Hoc|Any CPU.ActiveCfg = Release|Any CPU
		{135B3881-B44E-4685-AC60-B75EECE0AF03}.Ad-Hoc|Any CPU.Build.0 = Release|Any CPU
		{135B3881-B44E-4685-AC60-B75EECE0AF03}.Ad-Hoc|Any CPU.Deploy.0 = Release|Any CPU
		{135B3881-B44E-4685-AC60-B75EECE0AF03}.Ad-Hoc|ARM.ActiveCfg = Release|ARM
		{135B3881-B44E-4685-AC60-B75EECE0AF03}.Ad-Hoc|ARM.Build.0 = Release|ARM
		{135B3881-B44E-4685-AC60-B75EECE0AF03}.Ad-Hoc|ARM.Deploy.0 = Release|ARM
		{135B3881-B44E-4685-AC60-B75EECE0AF03}.Ad-Hoc|iPhone.ActiveCfg = Release|Any CPU
		{135B3881-B44E-4685-AC60-B75EECE0AF03}.Ad-Hoc|iPhone.Build.0 = Release|Any CPU
		{135B3881-B44E-4685-AC60-B75EECE0AF03}.Ad-Hoc|iPhone.Deploy.0 = Release|Any CPU
		{135B3881-B44E-4685-AC60-B75EECE0AF03}.Ad-Hoc|iPhoneSimulator.ActiveCfg = Release|Any CPU
		{135B3881-B44E-4685-AC60-B75EECE0AF03}.Ad-Hoc|iPhoneSimulator.Build.0 = Release|Any CPU
		{135B3881-B44E-4685-AC60-B75EECE0AF03}.Ad-Hoc|iPhoneSimulator.Deploy.0 = Release|Any CPU
		{135B3881-B44E-4685-AC60-B75EECE0AF03}.Ad-Hoc|x64.ActiveCfg = Release|Any CPU
		{135B3881-B44E-4685-AC60-B75EECE0AF03}.Ad-Hoc|x64.Build.0 = Release|Any CPU
		{135B3881-B44E-4685-AC60-B75EECE0AF03}.Ad-Hoc|x64.Deploy.0 = Release|Any CPU
		{135B3881-B44E-4685-AC60-B75EECE0AF03}.Ad-Hoc|x86.ActiveCfg = Release|x86
		{135B3881-B44E-4685-AC60-B75EECE0AF03}.Ad-Hoc|x86.Build.0 = Release|x86
		{135B3881-B44E-4685-AC60-B75EECE0AF03}.Ad-Hoc|x86.Deploy.0 = Release|x86
		{135B3881-B44E-4685-AC60-B75EECE0AF03}.AppStore|Any CPU.ActiveCfg = Release|Any CPU
		{135B3881-B44E-4685-AC60-B75EECE0AF03}.AppStore|Any CPU.Build.0 = Release|Any CPU
		{135B3881-B44E-4685-AC60-B75EECE0AF03}.AppStore|Any CPU.Deploy.0 = Release|Any CPU
		{135B3881-B44E-4685-AC60-B75EECE0AF03}.AppStore|ARM.ActiveCfg = Release|ARM
		{135B3881-B44E-4685-AC60-B75EECE0AF03}.AppStore|ARM.Build.0 = Release|ARM
		{135B3881-B44E-4685-AC60-B75EECE0AF03}.AppStore|ARM.Deploy.0 = Release|ARM
		{135B3881-B44E-4685-AC60-B75EECE0AF03}.AppStore|iPhone.ActiveCfg = Release|Any CPU
		{135B3881-B44E-4685-AC60-B75EECE0AF03}.AppStore|iPhone.Build.0 = Release|Any CPU
		{135B3881-B44E-4685-AC60-B75EECE0AF03}.AppStore|iPhone.Deploy.0 = Release|Any CPU
		{135B3881-B44E-4685-AC60-B75EECE0AF03}.AppStore|iPhoneSimulator.ActiveCfg = Release|Any CPU
		{135B3881-B44E-4685-AC60-B75EECE0AF03}.AppStore|iPhoneSimulator.Build.0 = Release|Any CPU
		{135B3881-B44E-4685-AC60-B75EECE0AF03}.AppStore|iPhoneSimulator.Deploy.0 = Release|Any CPU
		{135B3881-B44E-4685-AC60-B75EECE0AF03}.AppStore|x64.ActiveCfg = Release|Any CPU
		{135B3881-B44E-4685-AC60-B75EECE0AF03}.AppStore|x64.Build.0 = Release|Any CPU
		{135B3881-B44E-4685-AC60-B75EECE0AF03}.AppStore|x64.Deploy.0 = Release|Any CPU
		{135B3881-B44E-4685-AC60-B75EECE0AF03}.AppStore|x86.ActiveCfg = Release|x86
		{135B3881-B44E-4685-AC60-B75EECE0AF03}.AppStore|x86.Build.0 = Release|x86
		{135B3881-B44E-4685-AC60-B75EECE0AF03}.AppStore|x86.Deploy.0 = Release|x86
		{135B3881-B44E-4685-AC60-B75EECE0AF03}.Debug|Any CPU.ActiveCfg = Debug|Any CPU
		{135B3881-B44E-4685-AC60-B75EECE0AF03}.Debug|Any CPU.Build.0 = Debug|Any CPU
		{135B3881-B44E-4685-AC60-B75EECE0AF03}.Debug|Any CPU.Deploy.0 = Debug|Any CPU
		{135B3881-B44E-4685-AC60-B75EECE0AF03}.Debug|ARM.ActiveCfg = Debug|ARM
		{135B3881-B44E-4685-AC60-B75EECE0AF03}.Debug|ARM.Build.0 = Debug|ARM
		{135B3881-B44E-4685-AC60-B75EECE0AF03}.Debug|ARM.Deploy.0 = Debug|ARM
		{135B3881-B44E-4685-AC60-B75EECE0AF03}.Debug|iPhone.ActiveCfg = Debug|Any CPU
		{135B3881-B44E-4685-AC60-B75EECE0AF03}.Debug|iPhone.Build.0 = Debug|Any CPU
		{135B3881-B44E-4685-AC60-B75EECE0AF03}.Debug|iPhone.Deploy.0 = Debug|Any CPU
		{135B3881-B44E-4685-AC60-B75EECE0AF03}.Debug|iPhoneSimulator.ActiveCfg = Debug|Any CPU
		{135B3881-B44E-4685-AC60-B75EECE0AF03}.Debug|iPhoneSimulator.Build.0 = Debug|Any CPU
		{135B3881-B44E-4685-AC60-B75EECE0AF03}.Debug|iPhoneSimulator.Deploy.0 = Debug|Any CPU
		{135B3881-B44E-4685-AC60-B75EECE0AF03}.Debug|x64.ActiveCfg = Debug|Any CPU
		{135B3881-B44E-4685-AC60-B75EECE0AF03}.Debug|x64.Build.0 = Debug|Any CPU
		{135B3881-B44E-4685-AC60-B75EECE0AF03}.Debug|x64.Deploy.0 = Debug|Any CPU
		{135B3881-B44E-4685-AC60-B75EECE0AF03}.Debug|x86.ActiveCfg = Debug|x86
		{135B3881-B44E-4685-AC60-B75EECE0AF03}.Debug|x86.Build.0 = Debug|x86
		{135B3881-B44E-4685-AC60-B75EECE0AF03}.Debug|x86.Deploy.0 = Debug|x86
		{135B3881-B44E-4685-AC60-B75EECE0AF03}.Release|Any CPU.ActiveCfg = Release|Any CPU
		{135B3881-B44E-4685-AC60-B75EECE0AF03}.Release|Any CPU.Build.0 = Release|Any CPU
		{135B3881-B44E-4685-AC60-B75EECE0AF03}.Release|Any CPU.Deploy.0 = Release|Any CPU
		{135B3881-B44E-4685-AC60-B75EECE0AF03}.Release|ARM.ActiveCfg = Release|ARM
		{135B3881-B44E-4685-AC60-B75EECE0AF03}.Release|ARM.Build.0 = Release|ARM
		{135B3881-B44E-4685-AC60-B75EECE0AF03}.Release|ARM.Deploy.0 = Release|ARM
		{135B3881-B44E-4685-AC60-B75EECE0AF03}.Release|iPhone.ActiveCfg = Release|Any CPU
		{135B3881-B44E-4685-AC60-B75EECE0AF03}.Release|iPhone.Build.0 = Release|Any CPU
		{135B3881-B44E-4685-AC60-B75EECE0AF03}.Release|iPhone.Deploy.0 = Release|Any CPU
		{135B3881-B44E-4685-AC60-B75EECE0AF03}.Release|iPhoneSimulator.ActiveCfg = Release|Any CPU
		{135B3881-B44E-4685-AC60-B75EECE0AF03}.Release|iPhoneSimulator.Build.0 = Release|Any CPU
		{135B3881-B44E-4685-AC60-B75EECE0AF03}.Release|iPhoneSimulator.Deploy.0 = Release|Any CPU
		{135B3881-B44E-4685-AC60-B75EECE0AF03}.Release|x64.ActiveCfg = Release|Any CPU
		{135B3881-B44E-4685-AC60-B75EECE0AF03}.Release|x64.Build.0 = Release|Any CPU
		{135B3881-B44E-4685-AC60-B75EECE0AF03}.Release|x64.Deploy.0 = Release|Any CPU
		{135B3881-B44E-4685-AC60-B75EECE0AF03}.Release|x86.ActiveCfg = Release|x86
		{135B3881-B44E-4685-AC60-B75EECE0AF03}.Release|x86.Build.0 = Release|x86
		{135B3881-B44E-4685-AC60-B75EECE0AF03}.Release|x86.Deploy.0 = Release|x86
		{C0D3BF04-D8CF-44C1-BE9D-99BFF7CA622D}.Ad-Hoc|Any CPU.ActiveCfg = Release|x86
		{C0D3BF04-D8CF-44C1-BE9D-99BFF7CA622D}.Ad-Hoc|Any CPU.Build.0 = Release|x86
		{C0D3BF04-D8CF-44C1-BE9D-99BFF7CA622D}.Ad-Hoc|Any CPU.Deploy.0 = Release|x86
		{C0D3BF04-D8CF-44C1-BE9D-99BFF7CA622D}.Ad-Hoc|ARM.ActiveCfg = Release|ARM
		{C0D3BF04-D8CF-44C1-BE9D-99BFF7CA622D}.Ad-Hoc|ARM.Build.0 = Release|ARM
		{C0D3BF04-D8CF-44C1-BE9D-99BFF7CA622D}.Ad-Hoc|ARM.Deploy.0 = Release|ARM
		{C0D3BF04-D8CF-44C1-BE9D-99BFF7CA622D}.Ad-Hoc|iPhone.ActiveCfg = Release|x86
		{C0D3BF04-D8CF-44C1-BE9D-99BFF7CA622D}.Ad-Hoc|iPhone.Build.0 = Release|x86
		{C0D3BF04-D8CF-44C1-BE9D-99BFF7CA622D}.Ad-Hoc|iPhone.Deploy.0 = Release|x86
		{C0D3BF04-D8CF-44C1-BE9D-99BFF7CA622D}.Ad-Hoc|iPhoneSimulator.ActiveCfg = Release|x86
		{C0D3BF04-D8CF-44C1-BE9D-99BFF7CA622D}.Ad-Hoc|iPhoneSimulator.Build.0 = Release|x86
		{C0D3BF04-D8CF-44C1-BE9D-99BFF7CA622D}.Ad-Hoc|iPhoneSimulator.Deploy.0 = Release|x86
		{C0D3BF04-D8CF-44C1-BE9D-99BFF7CA622D}.Ad-Hoc|x64.ActiveCfg = Release|x64
		{C0D3BF04-D8CF-44C1-BE9D-99BFF7CA622D}.Ad-Hoc|x64.Build.0 = Release|x64
		{C0D3BF04-D8CF-44C1-BE9D-99BFF7CA622D}.Ad-Hoc|x64.Deploy.0 = Release|x64
		{C0D3BF04-D8CF-44C1-BE9D-99BFF7CA622D}.Ad-Hoc|x86.ActiveCfg = Release|x86
		{C0D3BF04-D8CF-44C1-BE9D-99BFF7CA622D}.Ad-Hoc|x86.Build.0 = Release|x86
		{C0D3BF04-D8CF-44C1-BE9D-99BFF7CA622D}.Ad-Hoc|x86.Deploy.0 = Release|x86
		{C0D3BF04-D8CF-44C1-BE9D-99BFF7CA622D}.AppStore|Any CPU.ActiveCfg = Release|x86
		{C0D3BF04-D8CF-44C1-BE9D-99BFF7CA622D}.AppStore|Any CPU.Build.0 = Release|x86
		{C0D3BF04-D8CF-44C1-BE9D-99BFF7CA622D}.AppStore|Any CPU.Deploy.0 = Release|x86
		{C0D3BF04-D8CF-44C1-BE9D-99BFF7CA622D}.AppStore|ARM.ActiveCfg = Release|ARM
		{C0D3BF04-D8CF-44C1-BE9D-99BFF7CA622D}.AppStore|ARM.Build.0 = Release|ARM
		{C0D3BF04-D8CF-44C1-BE9D-99BFF7CA622D}.AppStore|ARM.Deploy.0 = Release|ARM
		{C0D3BF04-D8CF-44C1-BE9D-99BFF7CA622D}.AppStore|iPhone.ActiveCfg = Release|x86
		{C0D3BF04-D8CF-44C1-BE9D-99BFF7CA622D}.AppStore|iPhone.Build.0 = Release|x86
		{C0D3BF04-D8CF-44C1-BE9D-99BFF7CA622D}.AppStore|iPhone.Deploy.0 = Release|x86
		{C0D3BF04-D8CF-44C1-BE9D-99BFF7CA622D}.AppStore|iPhoneSimulator.ActiveCfg = Release|x86
		{C0D3BF04-D8CF-44C1-BE9D-99BFF7CA622D}.AppStore|iPhoneSimulator.Build.0 = Release|x86
		{C0D3BF04-D8CF-44C1-BE9D-99BFF7CA622D}.AppStore|iPhoneSimulator.Deploy.0 = Release|x86
		{C0D3BF04-D8CF-44C1-BE9D-99BFF7CA622D}.AppStore|x64.ActiveCfg = Release|x64
		{C0D3BF04-D8CF-44C1-BE9D-99BFF7CA622D}.AppStore|x64.Build.0 = Release|x64
		{C0D3BF04-D8CF-44C1-BE9D-99BFF7CA622D}.AppStore|x64.Deploy.0 = Release|x64
		{C0D3BF04-D8CF-44C1-BE9D-99BFF7CA622D}.AppStore|x86.ActiveCfg = Release|x86
		{C0D3BF04-D8CF-44C1-BE9D-99BFF7CA622D}.AppStore|x86.Build.0 = Release|x86
		{C0D3BF04-D8CF-44C1-BE9D-99BFF7CA622D}.AppStore|x86.Deploy.0 = Release|x86
		{C0D3BF04-D8CF-44C1-BE9D-99BFF7CA622D}.Debug|Any CPU.ActiveCfg = Debug|x86
		{C0D3BF04-D8CF-44C1-BE9D-99BFF7CA622D}.Debug|ARM.ActiveCfg = Debug|ARM
		{C0D3BF04-D8CF-44C1-BE9D-99BFF7CA622D}.Debug|ARM.Build.0 = Debug|ARM
		{C0D3BF04-D8CF-44C1-BE9D-99BFF7CA622D}.Debug|ARM.Deploy.0 = Debug|ARM
		{C0D3BF04-D8CF-44C1-BE9D-99BFF7CA622D}.Debug|iPhone.ActiveCfg = Debug|x86
		{C0D3BF04-D8CF-44C1-BE9D-99BFF7CA622D}.Debug|iPhoneSimulator.ActiveCfg = Debug|x86
		{C0D3BF04-D8CF-44C1-BE9D-99BFF7CA622D}.Debug|x64.ActiveCfg = Debug|x64
		{C0D3BF04-D8CF-44C1-BE9D-99BFF7CA622D}.Debug|x64.Build.0 = Debug|x64
		{C0D3BF04-D8CF-44C1-BE9D-99BFF7CA622D}.Debug|x64.Deploy.0 = Debug|x64
		{C0D3BF04-D8CF-44C1-BE9D-99BFF7CA622D}.Debug|x86.ActiveCfg = Debug|x86
		{C0D3BF04-D8CF-44C1-BE9D-99BFF7CA622D}.Debug|x86.Build.0 = Debug|x86
		{C0D3BF04-D8CF-44C1-BE9D-99BFF7CA622D}.Debug|x86.Deploy.0 = Debug|x86
		{C0D3BF04-D8CF-44C1-BE9D-99BFF7CA622D}.Release|Any CPU.ActiveCfg = Release|x86
		{C0D3BF04-D8CF-44C1-BE9D-99BFF7CA622D}.Release|ARM.ActiveCfg = Release|ARM
		{C0D3BF04-D8CF-44C1-BE9D-99BFF7CA622D}.Release|ARM.Build.0 = Release|ARM
		{C0D3BF04-D8CF-44C1-BE9D-99BFF7CA622D}.Release|ARM.Deploy.0 = Release|ARM
		{C0D3BF04-D8CF-44C1-BE9D-99BFF7CA622D}.Release|iPhone.ActiveCfg = Release|x86
		{C0D3BF04-D8CF-44C1-BE9D-99BFF7CA622D}.Release|iPhoneSimulator.ActiveCfg = Release|x86
		{C0D3BF04-D8CF-44C1-BE9D-99BFF7CA622D}.Release|x64.ActiveCfg = Release|x64
		{C0D3BF04-D8CF-44C1-BE9D-99BFF7CA622D}.Release|x64.Build.0 = Release|x64
		{C0D3BF04-D8CF-44C1-BE9D-99BFF7CA622D}.Release|x64.Deploy.0 = Release|x64
		{C0D3BF04-D8CF-44C1-BE9D-99BFF7CA622D}.Release|x86.ActiveCfg = Release|x86
		{C0D3BF04-D8CF-44C1-BE9D-99BFF7CA622D}.Release|x86.Build.0 = Release|x86
		{C0D3BF04-D8CF-44C1-BE9D-99BFF7CA622D}.Release|x86.Deploy.0 = Release|x86
		{F6627961-C47D-4670-BE59-F8215F96B4E6}.Ad-Hoc|Any CPU.ActiveCfg = Release|Any CPU
		{F6627961-C47D-4670-BE59-F8215F96B4E6}.Ad-Hoc|Any CPU.Build.0 = Release|Any CPU
		{F6627961-C47D-4670-BE59-F8215F96B4E6}.Ad-Hoc|Any CPU.Deploy.0 = Release|Any CPU
		{F6627961-C47D-4670-BE59-F8215F96B4E6}.Ad-Hoc|ARM.ActiveCfg = Release|ARM
		{F6627961-C47D-4670-BE59-F8215F96B4E6}.Ad-Hoc|ARM.Build.0 = Release|ARM
		{F6627961-C47D-4670-BE59-F8215F96B4E6}.Ad-Hoc|ARM.Deploy.0 = Release|ARM
		{F6627961-C47D-4670-BE59-F8215F96B4E6}.Ad-Hoc|iPhone.ActiveCfg = Release|Any CPU
		{F6627961-C47D-4670-BE59-F8215F96B4E6}.Ad-Hoc|iPhone.Build.0 = Release|Any CPU
		{F6627961-C47D-4670-BE59-F8215F96B4E6}.Ad-Hoc|iPhone.Deploy.0 = Release|Any CPU
		{F6627961-C47D-4670-BE59-F8215F96B4E6}.Ad-Hoc|iPhoneSimulator.ActiveCfg = Release|Any CPU
		{F6627961-C47D-4670-BE59-F8215F96B4E6}.Ad-Hoc|iPhoneSimulator.Build.0 = Release|Any CPU
		{F6627961-C47D-4670-BE59-F8215F96B4E6}.Ad-Hoc|iPhoneSimulator.Deploy.0 = Release|Any CPU
		{F6627961-C47D-4670-BE59-F8215F96B4E6}.Ad-Hoc|x64.ActiveCfg = Release|x64
		{F6627961-C47D-4670-BE59-F8215F96B4E6}.Ad-Hoc|x64.Build.0 = Release|x64
		{F6627961-C47D-4670-BE59-F8215F96B4E6}.Ad-Hoc|x64.Deploy.0 = Release|x64
		{F6627961-C47D-4670-BE59-F8215F96B4E6}.Ad-Hoc|x86.ActiveCfg = Release|x86
		{F6627961-C47D-4670-BE59-F8215F96B4E6}.Ad-Hoc|x86.Build.0 = Release|x86
		{F6627961-C47D-4670-BE59-F8215F96B4E6}.Ad-Hoc|x86.Deploy.0 = Release|x86
		{F6627961-C47D-4670-BE59-F8215F96B4E6}.AppStore|Any CPU.ActiveCfg = Release|Any CPU
		{F6627961-C47D-4670-BE59-F8215F96B4E6}.AppStore|Any CPU.Build.0 = Release|Any CPU
		{F6627961-C47D-4670-BE59-F8215F96B4E6}.AppStore|Any CPU.Deploy.0 = Release|Any CPU
		{F6627961-C47D-4670-BE59-F8215F96B4E6}.AppStore|ARM.ActiveCfg = Release|ARM
		{F6627961-C47D-4670-BE59-F8215F96B4E6}.AppStore|ARM.Build.0 = Release|ARM
		{F6627961-C47D-4670-BE59-F8215F96B4E6}.AppStore|ARM.Deploy.0 = Release|ARM
		{F6627961-C47D-4670-BE59-F8215F96B4E6}.AppStore|iPhone.ActiveCfg = Release|Any CPU
		{F6627961-C47D-4670-BE59-F8215F96B4E6}.AppStore|iPhone.Build.0 = Release|Any CPU
		{F6627961-C47D-4670-BE59-F8215F96B4E6}.AppStore|iPhone.Deploy.0 = Release|Any CPU
		{F6627961-C47D-4670-BE59-F8215F96B4E6}.AppStore|iPhoneSimulator.ActiveCfg = Release|Any CPU
		{F6627961-C47D-4670-BE59-F8215F96B4E6}.AppStore|iPhoneSimulator.Build.0 = Release|Any CPU
		{F6627961-C47D-4670-BE59-F8215F96B4E6}.AppStore|iPhoneSimulator.Deploy.0 = Release|Any CPU
		{F6627961-C47D-4670-BE59-F8215F96B4E6}.AppStore|x64.ActiveCfg = Release|x64
		{F6627961-C47D-4670-BE59-F8215F96B4E6}.AppStore|x64.Build.0 = Release|x64
		{F6627961-C47D-4670-BE59-F8215F96B4E6}.AppStore|x64.Deploy.0 = Release|x64
		{F6627961-C47D-4670-BE59-F8215F96B4E6}.AppStore|x86.ActiveCfg = Release|x86
		{F6627961-C47D-4670-BE59-F8215F96B4E6}.AppStore|x86.Build.0 = Release|x86
		{F6627961-C47D-4670-BE59-F8215F96B4E6}.AppStore|x86.Deploy.0 = Release|x86
		{F6627961-C47D-4670-BE59-F8215F96B4E6}.Debug|Any CPU.ActiveCfg = Debug|Any CPU
		{F6627961-C47D-4670-BE59-F8215F96B4E6}.Debug|Any CPU.Build.0 = Debug|Any CPU
		{F6627961-C47D-4670-BE59-F8215F96B4E6}.Debug|Any CPU.Deploy.0 = Debug|Any CPU
		{F6627961-C47D-4670-BE59-F8215F96B4E6}.Debug|ARM.ActiveCfg = Debug|ARM
		{F6627961-C47D-4670-BE59-F8215F96B4E6}.Debug|ARM.Build.0 = Debug|ARM
		{F6627961-C47D-4670-BE59-F8215F96B4E6}.Debug|ARM.Deploy.0 = Debug|ARM
		{F6627961-C47D-4670-BE59-F8215F96B4E6}.Debug|iPhone.ActiveCfg = Debug|Any CPU
		{F6627961-C47D-4670-BE59-F8215F96B4E6}.Debug|iPhone.Build.0 = Debug|Any CPU
		{F6627961-C47D-4670-BE59-F8215F96B4E6}.Debug|iPhone.Deploy.0 = Debug|Any CPU
		{F6627961-C47D-4670-BE59-F8215F96B4E6}.Debug|iPhoneSimulator.ActiveCfg = Debug|Any CPU
		{F6627961-C47D-4670-BE59-F8215F96B4E6}.Debug|iPhoneSimulator.Build.0 = Debug|Any CPU
		{F6627961-C47D-4670-BE59-F8215F96B4E6}.Debug|iPhoneSimulator.Deploy.0 = Debug|Any CPU
		{F6627961-C47D-4670-BE59-F8215F96B4E6}.Debug|x64.ActiveCfg = Debug|x64
		{F6627961-C47D-4670-BE59-F8215F96B4E6}.Debug|x64.Build.0 = Debug|x64
		{F6627961-C47D-4670-BE59-F8215F96B4E6}.Debug|x64.Deploy.0 = Debug|x64
		{F6627961-C47D-4670-BE59-F8215F96B4E6}.Debug|x86.ActiveCfg = Debug|x86
		{F6627961-C47D-4670-BE59-F8215F96B4E6}.Debug|x86.Build.0 = Debug|x86
		{F6627961-C47D-4670-BE59-F8215F96B4E6}.Debug|x86.Deploy.0 = Debug|x86
		{F6627961-C47D-4670-BE59-F8215F96B4E6}.Release|Any CPU.ActiveCfg = Release|Any CPU
		{F6627961-C47D-4670-BE59-F8215F96B4E6}.Release|Any CPU.Build.0 = Release|Any CPU
		{F6627961-C47D-4670-BE59-F8215F96B4E6}.Release|Any CPU.Deploy.0 = Release|Any CPU
		{F6627961-C47D-4670-BE59-F8215F96B4E6}.Release|ARM.ActiveCfg = Release|ARM
		{F6627961-C47D-4670-BE59-F8215F96B4E6}.Release|ARM.Build.0 = Release|ARM
		{F6627961-C47D-4670-BE59-F8215F96B4E6}.Release|ARM.Deploy.0 = Release|ARM
		{F6627961-C47D-4670-BE59-F8215F96B4E6}.Release|iPhone.ActiveCfg = Release|Any CPU
		{F6627961-C47D-4670-BE59-F8215F96B4E6}.Release|iPhone.Build.0 = Release|Any CPU
		{F6627961-C47D-4670-BE59-F8215F96B4E6}.Release|iPhone.Deploy.0 = Release|Any CPU
		{F6627961-C47D-4670-BE59-F8215F96B4E6}.Release|iPhoneSimulator.ActiveCfg = Release|Any CPU
		{F6627961-C47D-4670-BE59-F8215F96B4E6}.Release|iPhoneSimulator.Build.0 = Release|Any CPU
		{F6627961-C47D-4670-BE59-F8215F96B4E6}.Release|iPhoneSimulator.Deploy.0 = Release|Any CPU
		{F6627961-C47D-4670-BE59-F8215F96B4E6}.Release|x64.ActiveCfg = Release|x64
		{F6627961-C47D-4670-BE59-F8215F96B4E6}.Release|x64.Build.0 = Release|x64
		{F6627961-C47D-4670-BE59-F8215F96B4E6}.Release|x64.Deploy.0 = Release|x64
		{F6627961-C47D-4670-BE59-F8215F96B4E6}.Release|x86.ActiveCfg = Release|x86
		{F6627961-C47D-4670-BE59-F8215F96B4E6}.Release|x86.Build.0 = Release|x86
		{F6627961-C47D-4670-BE59-F8215F96B4E6}.Release|x86.Deploy.0 = Release|x86
		{3B5C9ACD-2C4E-4D5C-ADE8-AC057B543D93}.Ad-Hoc|Any CPU.ActiveCfg = Release|Any CPU
		{3B5C9ACD-2C4E-4D5C-ADE8-AC057B543D93}.Ad-Hoc|Any CPU.Build.0 = Release|Any CPU
		{3B5C9ACD-2C4E-4D5C-ADE8-AC057B543D93}.Ad-Hoc|ARM.ActiveCfg = Release|Any CPU
		{3B5C9ACD-2C4E-4D5C-ADE8-AC057B543D93}.Ad-Hoc|ARM.Build.0 = Release|Any CPU
		{3B5C9ACD-2C4E-4D5C-ADE8-AC057B543D93}.Ad-Hoc|iPhone.ActiveCfg = Release|Any CPU
		{3B5C9ACD-2C4E-4D5C-ADE8-AC057B543D93}.Ad-Hoc|iPhone.Build.0 = Release|Any CPU
		{3B5C9ACD-2C4E-4D5C-ADE8-AC057B543D93}.Ad-Hoc|iPhoneSimulator.ActiveCfg = Release|Any CPU
		{3B5C9ACD-2C4E-4D5C-ADE8-AC057B543D93}.Ad-Hoc|iPhoneSimulator.Build.0 = Release|Any CPU
		{3B5C9ACD-2C4E-4D5C-ADE8-AC057B543D93}.Ad-Hoc|x64.ActiveCfg = Release|Any CPU
		{3B5C9ACD-2C4E-4D5C-ADE8-AC057B543D93}.Ad-Hoc|x64.Build.0 = Release|Any CPU
		{3B5C9ACD-2C4E-4D5C-ADE8-AC057B543D93}.Ad-Hoc|x86.ActiveCfg = Release|Any CPU
		{3B5C9ACD-2C4E-4D5C-ADE8-AC057B543D93}.Ad-Hoc|x86.Build.0 = Release|Any CPU
		{3B5C9ACD-2C4E-4D5C-ADE8-AC057B543D93}.AppStore|Any CPU.ActiveCfg = Release|Any CPU
		{3B5C9ACD-2C4E-4D5C-ADE8-AC057B543D93}.AppStore|Any CPU.Build.0 = Release|Any CPU
		{3B5C9ACD-2C4E-4D5C-ADE8-AC057B543D93}.AppStore|ARM.ActiveCfg = Release|Any CPU
		{3B5C9ACD-2C4E-4D5C-ADE8-AC057B543D93}.AppStore|ARM.Build.0 = Release|Any CPU
		{3B5C9ACD-2C4E-4D5C-ADE8-AC057B543D93}.AppStore|iPhone.ActiveCfg = Release|Any CPU
		{3B5C9ACD-2C4E-4D5C-ADE8-AC057B543D93}.AppStore|iPhone.Build.0 = Release|Any CPU
		{3B5C9ACD-2C4E-4D5C-ADE8-AC057B543D93}.AppStore|iPhoneSimulator.ActiveCfg = Release|Any CPU
		{3B5C9ACD-2C4E-4D5C-ADE8-AC057B543D93}.AppStore|iPhoneSimulator.Build.0 = Release|Any CPU
		{3B5C9ACD-2C4E-4D5C-ADE8-AC057B543D93}.AppStore|x64.ActiveCfg = Release|Any CPU
		{3B5C9ACD-2C4E-4D5C-ADE8-AC057B543D93}.AppStore|x64.Build.0 = Release|Any CPU
		{3B5C9ACD-2C4E-4D5C-ADE8-AC057B543D93}.AppStore|x86.ActiveCfg = Release|Any CPU
		{3B5C9ACD-2C4E-4D5C-ADE8-AC057B543D93}.AppStore|x86.Build.0 = Release|Any CPU
		{3B5C9ACD-2C4E-4D5C-ADE8-AC057B543D93}.Debug|Any CPU.ActiveCfg = Debug|Any CPU
		{3B5C9ACD-2C4E-4D5C-ADE8-AC057B543D93}.Debug|Any CPU.Build.0 = Debug|Any CPU
		{3B5C9ACD-2C4E-4D5C-ADE8-AC057B543D93}.Debug|ARM.ActiveCfg = Debug|Any CPU
		{3B5C9ACD-2C4E-4D5C-ADE8-AC057B543D93}.Debug|ARM.Build.0 = Debug|Any CPU
		{3B5C9ACD-2C4E-4D5C-ADE8-AC057B543D93}.Debug|iPhone.ActiveCfg = Debug|Any CPU
		{3B5C9ACD-2C4E-4D5C-ADE8-AC057B543D93}.Debug|iPhone.Build.0 = Debug|Any CPU
		{3B5C9ACD-2C4E-4D5C-ADE8-AC057B543D93}.Debug|iPhoneSimulator.ActiveCfg = Debug|Any CPU
		{3B5C9ACD-2C4E-4D5C-ADE8-AC057B543D93}.Debug|iPhoneSimulator.Build.0 = Debug|Any CPU
		{3B5C9ACD-2C4E-4D5C-ADE8-AC057B543D93}.Debug|x64.ActiveCfg = Debug|Any CPU
		{3B5C9ACD-2C4E-4D5C-ADE8-AC057B543D93}.Debug|x64.Build.0 = Debug|Any CPU
		{3B5C9ACD-2C4E-4D5C-ADE8-AC057B543D93}.Debug|x86.ActiveCfg = Debug|Any CPU
		{3B5C9ACD-2C4E-4D5C-ADE8-AC057B543D93}.Debug|x86.Build.0 = Debug|Any CPU
		{3B5C9ACD-2C4E-4D5C-ADE8-AC057B543D93}.Release|Any CPU.ActiveCfg = Release|Any CPU
		{3B5C9ACD-2C4E-4D5C-ADE8-AC057B543D93}.Release|Any CPU.Build.0 = Release|Any CPU
		{3B5C9ACD-2C4E-4D5C-ADE8-AC057B543D93}.Release|ARM.ActiveCfg = Release|Any CPU
		{3B5C9ACD-2C4E-4D5C-ADE8-AC057B543D93}.Release|ARM.Build.0 = Release|Any CPU
		{3B5C9ACD-2C4E-4D5C-ADE8-AC057B543D93}.Release|iPhone.ActiveCfg = Release|Any CPU
		{3B5C9ACD-2C4E-4D5C-ADE8-AC057B543D93}.Release|iPhone.Build.0 = Release|Any CPU
		{3B5C9ACD-2C4E-4D5C-ADE8-AC057B543D93}.Release|iPhoneSimulator.ActiveCfg = Release|Any CPU
		{3B5C9ACD-2C4E-4D5C-ADE8-AC057B543D93}.Release|iPhoneSimulator.Build.0 = Release|Any CPU
		{3B5C9ACD-2C4E-4D5C-ADE8-AC057B543D93}.Release|x64.ActiveCfg = Release|Any CPU
		{3B5C9ACD-2C4E-4D5C-ADE8-AC057B543D93}.Release|x64.Build.0 = Release|Any CPU
		{3B5C9ACD-2C4E-4D5C-ADE8-AC057B543D93}.Release|x86.ActiveCfg = Release|Any CPU
		{3B5C9ACD-2C4E-4D5C-ADE8-AC057B543D93}.Release|x86.Build.0 = Release|Any CPU
	EndGlobalSection
	GlobalSection(SolutionProperties) = preSolution
		HideSolutionNode = FALSE
	EndGlobalSection
EndGlobal
